
Microsoft Visual Studio Solution File, Format Version 12.00
# Visual Studio 2012
Project("{FAE04EC0-301F-11D3-BF4B-00C04F79EFBC}") = "AIProject", "AIProject\AIProject.csproj", "{6E59A6F1-13A8-43E6-8BB8-0408336C8FE6}"
EndProject
Global
	GlobalSection(SolutionConfigurationPlatforms) = preSolution
		Debug|Any CPU = Debug|Any CPU
		Release|Any CPU = Release|Any CPU
	EndGlobalSection
	GlobalSection(ProjectConfigurationPlatforms) = postSolution
		{6E59A6F1-13A8-43E6-8BB8-0408336C8FE6}.Debug|Any CPU.ActiveCfg = Debug|Any CPU
		{6E59A6F1-13A8-43E6-8BB8-0408336C8FE6}.Debug|Any CPU.Build.0 = Debug|Any CPU
		{6E59A6F1-13A8-43E6-8BB8-0408336C8FE6}.Release|Any CPU.ActiveCfg = Release|Any CPU
		{6E59A6F1-13A8-43E6-8BB8-0408336C8FE6}.Release|Any CPU.Build.0 = Release|Any CPU
	EndGlobalSection
	GlobalSection(SolutionProperties) = preSolution
		HideSolutionNode = FALSE
	EndGlobalSection
EndGlobal
